// !$*UTF8*$!
{
	archiveVersion = 1;
	classes = {
	};
	objectVersion = 50;
	objects = {

/* Begin PBXBuildFile section */
		8808C9E024E587900098505B /* AppDelegate.swift in Sources */ = {isa = PBXBuildFile; fileRef = 8808C9DF24E587900098505B /* AppDelegate.swift */; };
		8808C9E224E587900098505B /* SceneDelegate.swift in Sources */ = {isa = PBXBuildFile; fileRef = 8808C9E124E587900098505B /* SceneDelegate.swift */; };
		8808C9E424E587900098505B /* ViewController.swift in Sources */ = {isa = PBXBuildFile; fileRef = 8808C9E324E587900098505B /* ViewController.swift */; };
		8808C9E724E587900098505B /* Main.storyboard in Resources */ = {isa = PBXBuildFile; fileRef = 8808C9E524E587900098505B /* Main.storyboard */; };
		8808C9E924E587920098505B /* Assets.xcassets in Resources */ = {isa = PBXBuildFile; fileRef = 8808C9E824E587920098505B /* Assets.xcassets */; };
		8808C9EC24E587920098505B /* LaunchScreen.storyboard in Resources */ = {isa = PBXBuildFile; fileRef = 8808C9EA24E587920098505B /* LaunchScreen.storyboard */; };
		8808C9F724E587920098505B /* Quiz_AppTests.swift in Sources */ = {isa = PBXBuildFile; fileRef = 8808C9F624E587920098505B /* Quiz_AppTests.swift */; };
		8808CA0224E587920098505B /* Quiz_AppUITests.swift in Sources */ = {isa = PBXBuildFile; fileRef = 8808CA0124E587920098505B /* Quiz_AppUITests.swift */; };
		8841D47C24E7ACF00069C100 /* QuizBrain.swift in Sources */ = {isa = PBXBuildFile; fileRef = 8841D47B24E7ACF00069C100 /* QuizBrain.swift */; };
		88C2458C24E6E3FF00B21931 /* Question.swift in Sources */ = {isa = PBXBuildFile; fileRef = 88C2458B24E6E3FF00B21931 /* Question.swift */; };
/* End PBXBuildFile section */

/* Begin PBXContainerItemProxy section */
		8808C9F324E587920098505B /* PBXContainerItemProxy */ = {
			isa = PBXContainerItemProxy;
			containerPortal = 8808C9D424E587900098505B /* Project object */;
			proxyType = 1;
			remoteGlobalIDString = 8808C9DB24E587900098505B;
			remoteInfo = "Quiz App";
		};
		8808C9FE24E587920098505B /* PBXContainerItemProxy */ = {
			isa = PBXContainerItemProxy;
			containerPortal = 8808C9D424E587900098505B /* Project object */;
			proxyType = 1;
			remoteGlobalIDString = 8808C9DB24E587900098505B;
			remoteInfo = "Quiz App";
		};
/* End PBXContainerItemProxy section */

/* Begin PBXFileReference section */
		8808C9DC24E587900098505B /* Quiz App.app */ = {isa = PBXFileReference; explicitFileType = wrapper.application; includeInIndex = 0; path = "Quiz App.app"; sourceTree = BUILT_PRODUCTS_DIR; };
		8808C9DF24E587900098505B /* AppDelegate.swift */ = {isa = PBXFileReference; lastKnownFileType = sourcecode.swift; path = AppDelegate.swift; sourceTree = "<group>"; };
		8808C9E124E587900098505B /* SceneDelegate.swift */ = {isa = PBXFileReference; lastKnownFileType = sourcecode.swift; path = SceneDelegate.swift; sourceTree = "<group>"; };
		8808C9E324E587900098505B /* ViewController.swift */ = {isa = PBXFileReference; lastKnownFileType = sourcecode.swift; path = ViewController.swift; sourceTree = "<group>"; };
		8808C9E624E587900098505B /* Base */ = {isa = PBXFileReference; lastKnownFileType = file.storyboard; name = Base; path = Base.lproj/Main.storyboard; sourceTree = "<group>"; };
		8808C9E824E587920098505B /* Assets.xcassets */ = {isa = PBXFileReference; lastKnownFileType = folder.assetcatalog; path = Assets.xcassets; sourceTree = "<group>"; };
		8808C9EB24E587920098505B /* Base */ = {isa = PBXFileReference; lastKnownFileType = file.storyboard; name = Base; path = Base.lproj/LaunchScreen.storyboard; sourceTree = "<group>"; };
		8808C9ED24E587920098505B /* Info.plist */ = {isa = PBXFileReference; lastKnownFileType = text.plist.xml; path = Info.plist; sourceTree = "<group>"; };
		8808C9F224E587920098505B /* Quiz AppTests.xctest */ = {isa = PBXFileReference; explicitFileType = wrapper.cfbundle; includeInIndex = 0; path = "Quiz AppTests.xctest"; sourceTree = BUILT_PRODUCTS_DIR; };
		8808C9F624E587920098505B /* Quiz_AppTests.swift */ = {isa = PBXFileReference; lastKnownFileType = sourcecode.swift; path = Quiz_AppTests.swift; sourceTree = "<group>"; };
		8808C9F824E587920098505B /* Info.plist */ = {isa = PBXFileReference; lastKnownFileType = text.plist.xml; path = Info.plist; sourceTree = "<group>"; };
		8808C9FD24E587920098505B /* Quiz AppUITests.xctest */ = {isa = PBXFileReference; explicitFileType = wrapper.cfbundle; includeInIndex = 0; path = "Quiz AppUITests.xctest"; sourceTree = BUILT_PRODUCTS_DIR; };
		8808CA0124E587920098505B /* Quiz_AppUITests.swift */ = {isa = PBXFileReference; lastKnownFileType = sourcecode.swift; path = Quiz_AppUITests.swift; sourceTree = "<group>"; };
		8808CA0324E587920098505B /* Info.plist */ = {isa = PBXFileReference; lastKnownFileType = text.plist.xml; path = Info.plist; sourceTree = "<group>"; };
		8841D47B24E7ACF00069C100 /* QuizBrain.swift */ = {isa = PBXFileReference; lastKnownFileType = sourcecode.swift; path = QuizBrain.swift; sourceTree = "<group>"; };
		88C2458B24E6E3FF00B21931 /* Question.swift */ = {isa = PBXFileReference; lastKnownFileType = sourcecode.swift; path = Question.swift; sourceTree = "<group>"; };
/* End PBXFileReference section */

/* Begin PBXFrameworksBuildPhase section */
		8808C9D924E587900098505B /* Frameworks */ = {
			isa = PBXFrameworksBuildPhase;
			buildActionMask = 2147483647;
			files = (
			);
			runOnlyForDeploymentPostprocessing = 0;
		};
		8808C9EF24E587920098505B /* Frameworks */ = {
			isa = PBXFrameworksBuildPhase;
			buildActionMask = 2147483647;
			files = (
			);
			runOnlyForDeploymentPostprocessing = 0;
		};
		8808C9FA24E587920098505B /* Frameworks */ = {
			isa = PBXFrameworksBuildPhase;
			buildActionMask = 2147483647;
			files = (
			);
			runOnlyForDeploymentPostprocessing = 0;
		};
/* End PBXFrameworksBuildPhase section */

/* Begin PBXGroup section */
		8808C9D324E587900098505B = {
			isa = PBXGroup;
			children = (
				8808C9DE24E587900098505B /* Quiz App */,
				8808C9F524E587920098505B /* Quiz AppTests */,
				8808CA0024E587920098505B /* Quiz AppUITests */,
				8808C9DD24E587900098505B /* Products */,
			);
			sourceTree = "<group>";
		};
		8808C9DD24E587900098505B /* Products */ = {
			isa = PBXGroup;
			children = (
				8808C9DC24E587900098505B /* Quiz App.app */,
				8808C9F224E587920098505B /* Quiz AppTests.xctest */,
				8808C9FD24E587920098505B /* Quiz AppUITests.xctest */,
			);
			name = Products;
			sourceTree = "<group>";
		};
		8808C9DE24E587900098505B /* Quiz App */ = {
			isa = PBXGroup;
			children = (
				8808C9DF24E587900098505B /* AppDelegate.swift */,
				8808C9E124E587900098505B /* SceneDelegate.swift */,
				8841D47824E7ACBC0069C100 /* Model */,
				8841D47A24E7ACD30069C100 /* View */,
				8841D47924E7ACC60069C100 /* Controller */,
				8808C9E824E587920098505B /* Assets.xcassets */,
				8808C9EA24E587920098505B /* LaunchScreen.storyboard */,
				8808C9ED24E587920098505B /* Info.plist */,
			);
			path = "Quiz App";
			sourceTree = "<group>";
		};
		8808C9F524E587920098505B /* Quiz AppTests */ = {
			isa = PBXGroup;
			children = (
				8808C9F624E587920098505B /* Quiz_AppTests.swift */,
				8808C9F824E587920098505B /* Info.plist */,
			);
			path = "Quiz AppTests";
			sourceTree = "<group>";
		};
		8808CA0024E587920098505B /* Quiz AppUITests */ = {
			isa = PBXGroup;
			children = (
				8808CA0124E587920098505B /* Quiz_AppUITests.swift */,
				8808CA0324E587920098505B /* Info.plist */,
			);
			path = "Quiz AppUITests";
			sourceTree = "<group>";
		};
		8841D47824E7ACBC0069C100 /* Model */ = {
			isa = PBXGroup;
			children = (
				88C2458B24E6E3FF00B21931 /* Question.swift */,
				8841D47B24E7ACF00069C100 /* QuizBrain.swift */,
			);
			path = Model;
			sourceTree = "<group>";
		};
		8841D47924E7ACC60069C100 /* Controller */ = {
			isa = PBXGroup;
			children = (
				8808C9E324E587900098505B /* ViewController.swift */,
			);
			path = Controller;
			sourceTree = "<group>";
		};
		8841D47A24E7ACD30069C100 /* View */ = {
			isa = PBXGroup;
			children = (
				8808C9E524E587900098505B /* Main.storyboard */,
			);
			path = View;
			sourceTree = "<group>";
		};
/* End PBXGroup section */

/* Begin PBXNativeTarget section */
		8808C9DB24E587900098505B /* Quiz App */ = {
			isa = PBXNativeTarget;
			buildConfigurationList = 8808CA0624E587920098505B /* Build configuration list for PBXNativeTarget "Quiz App" */;
			buildPhases = (
				8808C9D824E587900098505B /* Sources */,
				8808C9D924E587900098505B /* Frameworks */,
				8808C9DA24E587900098505B /* Resources */,
			);
			buildRules = (
			);
			dependencies = (
			);
			name = "Quiz App";
			productName = "Quiz App";
			productReference = 8808C9DC24E587900098505B /* Quiz App.app */;
			productType = "com.apple.product-type.application";
		};
		8808C9F124E587920098505B /* Quiz AppTests */ = {
			isa = PBXNativeTarget;
			buildConfigurationList = 8808CA0924E587920098505B /* Build configuration list for PBXNativeTarget "Quiz AppTests" */;
			buildPhases = (
				8808C9EE24E587920098505B /* Sources */,
				8808C9EF24E587920098505B /* Frameworks */,
				8808C9F024E587920098505B /* Resources */,
			);
			buildRules = (
			);
			dependencies = (
				8808C9F424E587920098505B /* PBXTargetDependency */,
			);
			name = "Quiz AppTests";
			productName = "Quiz AppTests";
			productReference = 8808C9F224E587920098505B /* Quiz AppTests.xctest */;
			productType = "com.apple.product-type.bundle.unit-test";
		};
		8808C9FC24E587920098505B /* Quiz AppUITests */ = {
			isa = PBXNativeTarget;
			buildConfigurationList = 8808CA0C24E587920098505B /* Build configuration list for PBXNativeTarget "Quiz AppUITests" */;
			buildPhases = (
				8808C9F924E587920098505B /* Sources */,
				8808C9FA24E587920098505B /* Frameworks */,
				8808C9FB24E587920098505B /* Resources */,
			);
			buildRules = (
			);
			dependencies = (
				8808C9FF24E587920098505B /* PBXTargetDependency */,
			);
			name = "Quiz AppUITests";
			productName = "Quiz AppUITests";
			productReference = 8808C9FD24E587920098505B /* Quiz AppUITests.xctest */;
			productType = "com.apple.product-type.bundle.ui-testing";
		};
/* End PBXNativeTarget section */

/* Begin PBXProject section */
		8808C9D424E587900098505B /* Project object */ = {
			isa = PBXProject;
			attributes = {
				LastSwiftUpdateCheck = 1160;
				LastUpgradeCheck = 1160;
				ORGANIZATIONNAME = "Dynamic Dudes";
				TargetAttributes = {
					8808C9DB24E587900098505B = {
						CreatedOnToolsVersion = 11.6;
					};
					8808C9F124E587920098505B = {
						CreatedOnToolsVersion = 11.6;
						TestTargetID = 8808C9DB24E587900098505B;
					};
					8808C9FC24E587920098505B = {
						CreatedOnToolsVersion = 11.6;
						TestTargetID = 8808C9DB24E587900098505B;
					};
				};
			};
			buildConfigurationList = 8808C9D724E587900098505B /* Build configuration list for PBXProject "Quiz App" */;
			compatibilityVersion = "Xcode 9.3";
			developmentRegion = en;
			hasScannedForEncodings = 0;
			knownRegions = (
				en,
				Base,
			);
			mainGroup = 8808C9D324E587900098505B;
			productRefGroup = 8808C9DD24E587900098505B /* Products */;
			projectDirPath = "";
			projectRoot = "";
			targets = (
				8808C9DB24E587900098505B /* Quiz App */,
				8808C9F124E587920098505B /* Quiz AppTests */,
				8808C9FC24E587920098505B /* Quiz AppUITests */,
			);
		};
/* End PBXProject section */

/* Begin PBXResourcesBuildPhase section */
		8808C9DA24E587900098505B /* Resources */ = {
			isa = PBXResourcesBuildPhase;
			buildActionMask = 2147483647;
			files = (
				8808C9EC24E587920098505B /* LaunchScreen.storyboard in Resources */,
				8808C9E924E587920098505B /* Assets.xcassets in Resources */,
				8808C9E724E587900098505B /* Main.storyboard in Resources */,
			);
			runOnlyForDeploymentPostprocessing = 0;
		};
		8808C9F024E587920098505B /* Resources */ = {
			isa = PBXResourcesBuildPhase;
			buildActionMask = 2147483647;
			files = (
			);
			runOnlyForDeploymentPostprocessing = 0;
		};
		8808C9FB24E587920098505B /* Resources */ = {
			isa = PBXResourcesBuildPhase;
			buildActionMask = 2147483647;
			files = (
			);
			runOnlyForDeploymentPostprocessing = 0;
		};
/* End PBXResourcesBuildPhase section */

/* Begin PBXSourcesBuildPhase section */
		8808C9D824E587900098505B /* Sources */ = {
			isa = PBXSourcesBuildPhase;
			buildActionMask = 2147483647;
			files = (
				8841D47C24E7ACF00069C100 /* QuizBrain.swift in Sources */,
				8808C9E424E587900098505B /* ViewController.swift in Sources */,
				88C2458C24E6E3FF00B21931 /* Question.swift in Sources */,
				8808C9E024E587900098505B /* AppDelegate.swift in Sources */,
				8808C9E224E587900098505B /* SceneDelegate.swift in Sources */,
			);
			runOnlyForDeploymentPostprocessing = 0;
		};
		8808C9EE24E587920098505B /* Sources */ = {
			isa = PBXSourcesBuildPhase;
			buildActionMask = 2147483647;
			files = (
				8808C9F724E587920098505B /* Quiz_AppTests.swift in Sources */,
			);
			runOnlyForDeploymentPostprocessing = 0;
		};
		8808C9F924E587920098505B /* Sources */ = {
			isa = PBXSourcesBuildPhase;
			buildActionMask = 2147483647;
			files = (
				8808CA0224E587920098505B /* Quiz_AppUITests.swift in Sources */,
			);
			runOnlyForDeploymentPostprocessing = 0;
		};
/* End PBXSourcesBuildPhase section */

/* Begin PBXTargetDependency section */
		8808C9F424E587920098505B /* PBXTargetDependency */ = {
			isa = PBXTargetDependency;
			target = 8808C9DB24E587900098505B /* Quiz App */;
			targetProxy = 8808C9F324E587920098505B /* PBXContainerItemProxy */;
		};
		8808C9FF24E587920098505B /* PBXTargetDependency */ = {
			isa = PBXTargetDependency;
			target = 8808C9DB24E587900098505B /* Quiz App */;
			targetProxy = 8808C9FE24E587920098505B /* PBXContainerItemProxy */;
		};
/* End PBXTargetDependency section */

/* Begin PBXVariantGroup section */
		8808C9E524E587900098505B /* Main.storyboard */ = {
			isa = PBXVariantGroup;
			children = (
				8808C9E624E587900098505B /* Base */,
			);
			name = Main.storyboard;
			sourceTree = "<group>";
		};
		8808C9EA24E587920098505B /* LaunchScreen.storyboard */ = {
			isa = PBXVariantGroup;
			children = (
				8808C9EB24E587920098505B /* Base */,
			);
			name = LaunchScreen.storyboard;
			sourceTree = "<group>";
		};
/* End PBXVariantGroup section */

/* Begin XCBuildConfiguration section */
		8808CA0424E587920098505B /* Debug */ = {
			isa = XCBuildConfiguration;
			buildSettings = {
				ALWAYS_SEARCH_USER_PATHS = NO;
				CLANG_ANALYZER_NONNULL = YES;
				CLANG_ANALYZER_NUMBER_OBJECT_CONVERSION = YES_AGGRESSIVE;
				CLANG_CXX_LANGUAGE_STANDARD = "gnu++14";
				CLANG_CXX_LIBRARY = "libc++";
				CLANG_ENABLE_MODULES = YES;
				CLANG_ENABLE_OBJC_ARC = YES;
				CLANG_ENABLE_OBJC_WEAK = YES;
				CLANG_WARN_BLOCK_CAPTURE_AUTORELEASING = YES;
				CLANG_WARN_BOOL_CONVERSION = YES;
				CLANG_WARN_COMMA = YES;
				CLANG_WARN_CONSTANT_CONVERSION = YES;
				CLANG_WARN_DEPRECATED_OBJC_IMPLEMENTATIONS = YES;
				CLANG_WARN_DIRECT_OBJC_ISA_USAGE = YES_ERROR;
				CLANG_WARN_DOCUMENTATION_COMMENTS = YES;
				CLANG_WARN_EMPTY_BODY = YES;
				CLANG_WARN_ENUM_CONVERSION = YES;
				CLANG_WARN_INFINITE_RECURSION = YES;
				CLANG_WARN_INT_CONVERSION = YES;
				CLANG_WARN_NON_LITERAL_NULL_CONVERSION = YES;
				CLANG_WARN_OBJC_IMPLICIT_RETAIN_SELF = YES;
				CLANG_WARN_OBJC_LITERAL_CONVERSION = YES;
				CLANG_WARN_OBJC_ROOT_CLASS = YES_ERROR;
				CLANG_WARN_RANGE_LOOP_ANALYSIS = YES;
				CLANG_WARN_STRICT_PROTOTYPES = YES;
				CLANG_WARN_SUSPICIOUS_MOVE = YES;
				CLANG_WARN_UNGUARDED_AVAILABILITY = YES_AGGRESSIVE;
				CLANG_WARN_UNREACHABLE_CODE = YES;
				CLANG_WARN__DUPLICATE_METHOD_MATCH = YES;
				COPY_PHASE_STRIP = NO;
				DEBUG_INFORMATION_FORMAT = dwarf;
				ENABLE_STRICT_OBJC_MSGSEND = YES;
				ENABLE_TESTABILITY = YES;
				GCC_C_LANGUAGE_STANDARD = gnu11;
				GCC_DYNAMIC_NO_PIC = NO;
				GCC_NO_COMMON_BLOCKS = YES;
				GCC_OPTIMIZATION_LEVEL = 0;
				GCC_PREPROCESSOR_DEFINITIONS = (
					"DEBUG=1",
					"$(inherited)",
				);
				GCC_WARN_64_TO_32_BIT_CONVERSION = YES;
				GCC_WARN_ABOUT_RETURN_TYPE = YES_ERROR;
				GCC_WARN_UNDECLARED_SELECTOR = YES;
				GCC_WARN_UNINITIALIZED_AUTOS = YES_AGGRESSIVE;
				GCC_WARN_UNUSED_FUNCTION = YES;
				GCC_WARN_UNUSED_VARIABLE = YES;
				IPHONEOS_DEPLOYMENT_TARGET = 13.6;
				MTL_ENABLE_DEBUG_INFO = INCLUDE_SOURCE;
				MTL_FAST_MATH = YES;
				ONLY_ACTIVE_ARCH = YES;
				SDKROOT = iphoneos;
				SWIFT_ACTIVE_COMPILATION_CONDITIONS = DEBUG;
				SWIFT_OPTIMIZATION_LEVEL = "-Onone";
			};
			name = Debug;
		};
		8808CA0524E587920098505B /* Release */ = {
			isa = XCBuildConfiguration;
			buildSettings = {
				ALWAYS_SEARCH_USER_PATHS = NO;
				CLANG_ANALYZER_NONNULL = YES;
				CLANG_ANALYZER_NUMBER_OBJECT_CONVERSION = YES_AGGRESSIVE;
				CLANG_CXX_LANGUAGE_STANDARD = "gnu++14";
				CLANG_CXX_LIBRARY = "libc++";
				CLANG_ENABLE_MODULES = YES;
				CLANG_ENABLE_OBJC_ARC = YES;
				CLANG_ENABLE_OBJC_WEAK = YES;
				CLANG_WARN_BLOCK_CAPTURE_AUTORELEASING = YES;
				CLANG_WARN_BOOL_CONVERSION = YES;
				CLANG_WARN_COMMA = YES;
				CLANG_WARN_CONSTANT_CONVERSION = YES;
				CLANG_WARN_DEPRECATED_OBJC_IMPLEMENTATIONS = YES;
				CLANG_WARN_DIRECT_OBJC_ISA_USAGE = YES_ERROR;
				CLANG_WARN_DOCUMENTATION_COMMENTS = YES;
				CLANG_WARN_EMPTY_BODY = YES;
				CLANG_WARN_ENUM_CONVERSION = YES;
				CLANG_WARN_INFINITE_RECURSION = YES;
				CLANG_WARN_INT_CONVERSION = YES;
				CLANG_WARN_NON_LITERAL_NULL_CONVERSION = YES;
				CLANG_WARN_OBJC_IMPLICIT_RETAIN_SELF = YES;
				CLANG_WARN_OBJC_LITERAL_CONVERSION = YES;
				CLANG_WARN_OBJC_ROOT_CLASS = YES_ERROR;
				CLANG_WARN_RANGE_LOOP_ANALYSIS = YES;
				CLANG_WARN_STRICT_PROTOTYPES = YES;
				CLANG_WARN_SUSPICIOUS_MOVE = YES;
				CLANG_WARN_UNGUARDED_AVAILABILITY = YES_AGGRESSIVE;
				CLANG_WARN_UNREACHABLE_CODE = YES;
				CLANG_WARN__DUPLICATE_METHOD_MATCH = YES;
				COPY_PHASE_STRIP = NO;
				DEBUG_INFORMATION_FORMAT = "dwarf-with-dsym";
				ENABLE_NS_ASSERTIONS = NO;
				ENABLE_STRICT_OBJC_MSGSEND = YES;
				GCC_C_LANGUAGE_STANDARD = gnu11;
				GCC_NO_COMMON_BLOCKS = YES;
				GCC_WARN_64_TO_32_BIT_CONVERSION = YES;
				GCC_WARN_ABOUT_RETURN_TYPE = YES_ERROR;
				GCC_WARN_UNDECLARED_SELECTOR = YES;
				GCC_WARN_UNINITIALIZED_AUTOS = YES_AGGRESSIVE;
				GCC_WARN_UNUSED_FUNCTION = YES;
				GCC_WARN_UNUSED_VARIABLE = YES;
				IPHONEOS_DEPLOYMENT_TARGET = 13.6;
				MTL_ENABLE_DEBUG_INFO = NO;
				MTL_FAST_MATH = YES;
				SDKROOT = iphoneos;
				SWIFT_COMPILATION_MODE = wholemodule;
				SWIFT_OPTIMIZATION_LEVEL = "-O";
				VALIDATE_PRODUCT = YES;
			};
			name = Release;
		};
		8808CA0724E587920098505B /* Debug */ = {
			isa = XCBuildConfiguration;
			buildSettings = {
				ASSETCATALOG_COMPILER_APPICON_NAME = AppIcon;
				CODE_SIGN_STYLE = Automatic;
				DEVELOPMENT_TEAM = 5Q2G7C7C3U;
				INFOPLIST_FILE = "Quiz App/Info.plist";
				LD_RUNPATH_SEARCH_PATHS = (
					"$(inherited)",
					"@executable_path/Frameworks",
				);
				PRODUCT_BUNDLE_IDENTIFIER = "com.dynamicdudes.Quiz-App";
				PRODUCT_NAME = "$(TARGET_NAME)";
				SWIFT_VERSION = 5.0;
				TARGETED_DEVICE_FAMILY = "1,2";
			};
			name = Debug;
		};
		8808CA0824E587920098505B /* Release */ = {
			isa = XCBuildConfiguration;
			buildSettings = {
				ASSETCATALOG_COMPILER_APPICON_NAME = AppIcon;
				CODE_SIGN_STYLE = Automatic;
				DEVELOPMENT_TEAM = 5Q2G7C7C3U;
				INFOPLIST_FILE = "Quiz App/Info.plist";
				LD_RUNPATH_SEARCH_PATHS = (
					"$(inherited)",
					"@executable_path/Frameworks",
				);
				PRODUCT_BUNDLE_IDENTIFIER = "com.dynamicdudes.Quiz-App";
				PRODUCT_NAME = "$(TARGET_NAME)";
				SWIFT_VERSION = 5.0;
				TARGETED_DEVICE_FAMILY = "1,2";
			};
			name = Release;
		};
		8808CA0A24E587920098505B /* Debug */ = {
			isa = XCBuildConfiguration;
			buildSettings = {
				ALWAYS_EMBED_SWIFT_STANDARD_LIBRARIES = YES;
				BUNDLE_LOADER = "$(TEST_HOST)";
				CODE_SIGN_STYLE = Automatic;
				DEVELOPMENT_TEAM = 5Q2G7C7C3U;
				INFOPLIST_FILE = "Quiz AppTests/Info.plist";
				IPHONEOS_DEPLOYMENT_TARGET = 13.6;
				LD_RUNPATH_SEARCH_PATHS = (
					"$(inherited)",
					"@executable_path/Frameworks",
					"@loader_path/Frameworks",
				);
				PRODUCT_BUNDLE_IDENTIFIER = "com.dynamicdudes.Quiz-AppTests";
				PRODUCT_NAME = "$(TARGET_NAME)";
				SWIFT_VERSION = 5.0;
				TARGETED_DEVICE_FAMILY = "1,2";
				TEST_HOST = "$(BUILT_PRODUCTS_DIR)/Quiz App.app/Quiz App";
			};
			name = Debug;
		};
		8808CA0B24E587920098505B /* Release */ = {
			isa = XCBuildConfiguration;
			buildSettings = {
				ALWAYS_EMBED_SWIFT_STANDARD_LIBRARIES = YES;
				BUNDLE_LOADER = "$(TEST_HOST)";
				CODE_SIGN_STYLE = Automatic;
				DEVELOPMENT_TEAM = 5Q2G7C7C3U;
				INFOPLIST_FILE = "Quiz AppTests/Info.plist";
				IPHONEOS_DEPLOYMENT_TARGET = 13.6;
				LD_RUNPATH_SEARCH_PATHS = (
					"$(inherited)",
					"@executable_path/Frameworks",
					"@loader_path/Frameworks",
				);
				PRODUCT_BUNDLE_IDENTIFIER = "com.dynamicdudes.Quiz-AppTests";
				PRODUCT_NAME = "$(TARGET_NAME)";
				SWIFT_VERSION = 5.0;
				TARGETED_DEVICE_FAMILY = "1,2";
				TEST_HOST = "$(BUILT_PRODUCTS_DIR)/Quiz App.app/Quiz App";
			};
			name = Release;
		};
		8808CA0D24E587920098505B /* Debug */ = {
			isa = XCBuildConfiguration;
			buildSettings = {
				ALWAYS_EMBED_SWIFT_STANDARD_LIBRARIES = YES;
				CODE_SIGN_STYLE = Automatic;
				DEVELOPMENT_TEAM = 5Q2G7C7C3U;
				INFOPLIST_FILE = "Quiz AppUITests/Info.plist";
				LD_RUNPATH_SEARCH_PATHS = (
					"$(inherited)",
					"@executable_path/Frameworks",
					"@loader_path/Frameworks",
				);
				PRODUCT_BUNDLE_IDENTIFIER = "com.dynamicdudes.Quiz-AppUITests";
				PRODUCT_NAME = "$(TARGET_NAME)";
				SWIFT_VERSION = 5.0;
				TARGETED_DEVICE_FAMILY = "1,2";
				TEST_TARGET_NAME = "Quiz App";
			};
			name = Debug;
		};
		8808CA0E24E587920098505B /* Release */ = {
			isa = XCBuildConfiguration;
			buildSettings = {
				ALWAYS_EMBED_SWIFT_STANDARD_LIBRARIES = YES;
				CODE_SIGN_STYLE = Automatic;
				DEVELOPMENT_TEAM = 5Q2G7C7C3U;
				INFOPLIST_FILE = "Quiz AppUITests/Info.plist";
				LD_RUNPATH_SEARCH_PATHS = (
					"$(inherited)",
					"@executable_path/Frameworks",
					"@loader_path/Frameworks",
				);
				PRODUCT_BUNDLE_IDENTIFIER = "com.dynamicdudes.Quiz-AppUITests";
				PRODUCT_NAME = "$(TARGET_NAME)";
				SWIFT_VERSION = 5.0;
				TARGETED_DEVICE_FAMILY = "1,2";
				TEST_TARGET_NAME = "Quiz App";
			};
			name = Release;
		};
/* End XCBuildConfiguration section */

/* Begin XCConfigurationList section */
		8808C9D724E587900098505B /* Build configuration list for PBXProject "Quiz App" */ = {
			isa = XCConfigurationList;
			buildConfigurations = (
				8808CA0424E587920098505B /* Debug */,
				8808CA0524E587920098505B /* Release */,
			);
			defaultConfigurationIsVisible = 0;
			defaultConfigurationName = Release;
		};
		8808CA0624E587920098505B /* Build configuration list for PBXNativeTarget "Quiz App" */ = {
			isa = XCConfigurationList;
			buildConfigurations = (
				8808CA0724E587920098505B /* Debug */,
				8808CA0824E587920098505B /* Release */,
			);
			defaultConfigurationIsVisible = 0;
			defaultConfigurationName = Release;
		};
		8808CA0924E587920098505B /* Build configuration list for PBXNativeTarget "Quiz AppTests" */ = {
			isa = XCConfigurationList;
			buildConfigurations = (
				8808CA0A24E587920098505B /* Debug */,
				8808CA0B24E587920098505B /* Release */,
			);
			defaultConfigurationIsVisible = 0;
			defaultConfigurationName = Release;
		};
		8808CA0C24E587920098505B /* Build configuration list for PBXNativeTarget "Quiz AppUITests" */ = {
			isa = XCConfigurationList;
			buildConfigurations = (
				8808CA0D24E587920098505B /* Debug */,
				8808CA0E24E587920098505B /* Release */,
			);
			defaultConfigurationIsVisible = 0;
			defaultConfigurationName = Release;
		};
/* End XCConfigurationList section */
	};
	rootObject = 8808C9D424E587900098505B /* Project object */;
}
